---
label: Content Block
hide_body: true
display_field: block_title
fields:
- name: block_title
  type: text
  config:
    required: false
  label: Block Title
- name: content
  type: textarea
  default: ''
  config:
    required: false
    wysiwyg: true
    schema:
      format: markdown
    max: 1.0e+34
  label: Content
- name: aside_image
  type: file
  config:
    maxSize: 64
  label: Aside Image
