---
label: Form Block
hide_body: true
fields:
- name: block_title
  type: text
  config:
    required: false
  label: Block Title
- name: fields
  type: blocks
  label: Form Fields
  template_types:
  - form-field
  config:
    min: 
    max: 
- name: submit_text
  type: text
  config:
    required: true
  label: Submit Text
  default: Submit
