---
label: Technology Block
hide_body: true
display_field: block_title
fields:
- name: block_title
  type: text
  config:
    required: false
  label: Block Title
- name: categories
  type: field_group_list
  fields:
  - name: category_title
    type: text
    config:
      required: false
    label: Category Title
  - name: technologies
    type: field_group_list
    fields:
    - name: label
      type: text
      config:
        required: false
      label: Label
    - name: icon
      type: include
      config: {}
      template: icon
      label: Icon
    config:
      min: 
      max: 
      labelField: 
    label: Technologies
  config:
    min: 
    max: 
    labelField: 
  label: Categories
